
Microsoft Visual Studio Solution File, Format Version 12.00
# Visual Studio Version 16
VisualStudioVersion = 25.0.1704.0
MinimumVisualStudioVersion = 10.0.40219.1
Project("{FAE04EC0-301F-11D3-BF4B-00C04F79EFBC}") = "SQL_DML_Test", "SQL_DML_Test.csproj", "{A01E5E82-3DAC-4676-9952-337DAA585C9B}"
EndProject
Global
	GlobalSection(SolutionConfigurationPlatforms) = preSolution
		Debug|Any CPU = Debug|Any CPU
		Release|Any CPU = Release|Any CPU
	EndGlobalSection
	GlobalSection(ProjectConfigurationPlatforms) = postSolution
		{A01E5E82-3DAC-4676-9952-337DAA585C9B}.Debug|Any CPU.ActiveCfg = Debug|Any CPU
		{A01E5E82-3DAC-4676-9952-337DAA585C9B}.Debug|Any CPU.Build.0 = Debug|Any CPU
		{A01E5E82-3DAC-4676-9952-337DAA585C9B}.Release|Any CPU.ActiveCfg = Release|Any CPU
		{A01E5E82-3DAC-4676-9952-337DAA585C9B}.Release|Any CPU.Build.0 = Release|Any CPU
	EndGlobalSection
	GlobalSection(SolutionProperties) = preSolution
		HideSolutionNode = FALSE
	EndGlobalSection
	GlobalSection(ExtensibilityGlobals) = postSolution
		SolutionGuid = {6F0578F2-0DDD-47D4-BC94-2227E1636058}
	EndGlobalSection
EndGlobal
